# This file was autogenerated by uv via the following command:
#    uv pip compile pyproject.toml -o uv.lock
aiohappyeyeballs==2.6.1
    # via aiohttp
aiohttp==3.12.2
    # via
    #   discord-py
    #   realtime
aiosignal==1.3.2
    # via aiohttp
alabaster==1.0.0
    # via sphinx
annotated-types==0.7.0
    # via pydantic
anthropic==0.52.0
    # via pydantic-ai-slim
anyio==4.9.0
    # via
    #   anthropic
    #   google-genai
    #   groq
    #   httpx
    #   mcp
    #   openai
    #   pydantic-evals
    #   sse-starlette
    #   starlette
argcomplete==3.6.2
    # via pydantic-ai-slim
attrs==25.3.0
    # via
    #   aiohttp
    #   cattrs
    #   lsprotocol
babel==2.17.0
    # via sphinx
backoff==2.2.1
    # via posthog
bandit==1.8.3
    # via automagik-agents (pyproject.toml)
blessed==1.21.0
    # via inquirer
boolean-py==5.0
    # via license-expression
boto3==1.38.24
    # via pydantic-ai-slim
botocore==1.38.24
    # via
    #   boto3
    #   s3transfer
build==1.2.2.post1
    # via automagik-agents (pyproject.toml)
cachecontrol==0.14.3
    # via pip-audit
cachetools==5.5.2
    # via google-auth
cattrs==24.1.3
    # via
    #   lsprotocol
    #   pygls
certifi==2025.4.26
    # via
    #   httpcore
    #   httpx
    #   requests
    #   sentry-sdk
cffi==1.17.1
    # via cryptography
charset-normalizer==3.4.2
    # via requests
click==8.2.1
    # via
    #   codeflash
    #   duckduckgo-search
    #   typer
    #   uvicorn
codeflash==0.12.3
    # via automagik-agents (pyproject.toml)
cohere==5.15.0
    # via pydantic-ai-slim
colorama==0.4.6
    # via griffe
coverage==7.8.2
    # via
    #   codeflash
    #   pytest-cov
crosshair-tool==0.0.87
    # via codeflash
cryptography==45.0.3
    # via secretstorage
cyclonedx-python-lib==9.1.0
    # via pip-audit
defusedxml==0.7.1
    # via py-serializable
deprecated==1.2.18
    # via
    #   opentelemetry-api
    #   opentelemetry-exporter-otlp-proto-http
    #   opentelemetry-semantic-conventions
deprecation==2.1.0
    # via postgrest
dill==0.4.0
    # via codeflash
discord-py==2.5.2
    # via automagik-agents (pyproject.toml)
diskcache==5.6.3
    # via graphiti-core
distro==1.9.0
    # via
    #   anthropic
    #   groq
    #   openai
    #   posthog
dnspython==2.7.0
    # via email-validator
docutils==0.21.2
    # via
    #   myst-parser
    #   readme-renderer
    #   sphinx
    #   sphinx-rtd-theme
duckduckgo-search==8.0.2
    # via pydantic-ai-slim
editor==1.6.6
    # via inquirer
email-validator==2.2.0
    # via pydantic
eval-type-backport==0.2.2
    # via
    #   mistralai
    #   pydantic-ai-slim
execnet==2.1.1
    # via pytest-xdist
executing==2.2.0
    # via logfire
fasta2a==0.2.11
    # via pydantic-ai-slim
fastapi==0.115.12
    # via automagik-agents (pyproject.toml)
fastavro==1.11.1
    # via cohere
filelock==3.18.0
    # via
    #   cachecontrol
    #   huggingface-hub
frozenlist==1.6.0
    # via
    #   aiohttp
    #   aiosignal
fsspec==2025.5.1
    # via huggingface-hub
gitdb==4.0.12
    # via gitpython
gitpython==3.1.44
    # via codeflash
google-api-core==2.24.2
    # via google-api-python-client
google-api-python-client==2.170.0
    # via automagik-agents (pyproject.toml)
google-auth==2.40.2
    # via
    #   google-api-core
    #   google-api-python-client
    #   google-auth-httplib2
    #   google-auth-oauthlib
    #   google-genai
    #   pydantic-ai-slim
google-auth-httplib2==0.2.0
    # via
    #   automagik-agents (pyproject.toml)
    #   google-api-python-client
google-auth-oauthlib==1.2.2
    # via automagik-agents (pyproject.toml)
google-genai==1.16.1
    # via pydantic-ai-slim
googleapis-common-protos==1.70.0
    # via
    #   google-api-core
    #   opentelemetry-exporter-otlp-proto-http
gotrue==2.12.0
    # via supabase
graph-service==1.0.0.7
    # via automagik-agents (pyproject.toml)
graphiti-core==0.11.6
    # via automagik-agents (pyproject.toml)
griffe==1.7.3
    # via pydantic-ai-slim
groq==0.25.0
    # via pydantic-ai-slim
h11==0.16.0
    # via
    #   httpcore
    #   uvicorn
h2==4.2.0
    # via httpx
hf-xet==1.1.2
    # via huggingface-hub
hpack==4.1.0
    # via h2
httpcore==1.0.9
    # via httpx
httplib2==0.22.0
    # via
    #   google-api-python-client
    #   google-auth-httplib2
httpx==0.28.1
    # via
    #   automagik-agents (pyproject.toml)
    #   anthropic
    #   cohere
    #   google-genai
    #   gotrue
    #   groq
    #   mcp
    #   mistralai
    #   notion-client
    #   openai
    #   postgrest
    #   pydantic-ai-slim
    #   pydantic-graph
    #   storage3
    #   supabase
    #   supafunc
httpx-sse==0.4.0
    # via
    #   cohere
    #   mcp
huggingface-hub==0.32.2
    # via tokenizers
humanize==4.12.3
    # via codeflash
hyperframe==6.1.0
    # via h2
id==1.5.0
    # via twine
idna==3.10
    # via
    #   anyio
    #   email-validator
    #   httpx
    #   requests
    #   yarl
imagesize==1.4.1
    # via sphinx
importlib-metadata==8.6.1
    # via
    #   crosshair-tool
    #   opentelemetry-api
importlib-resources==6.5.2
    # via typeshed-client
iniconfig==2.1.0
    # via pytest
inquirer==3.4.0
    # via codeflash
isort==6.0.1
    # via codeflash
jaraco-classes==3.4.0
    # via keyring
jaraco-context==6.0.1
    # via keyring
jaraco-functools==4.1.0
    # via keyring
jedi==0.19.2
    # via codeflash
jeepney==0.9.0
    # via
    #   keyring
    #   secretstorage
jinja2==3.1.6
    # via
    #   myst-parser
    #   pytest-html
    #   sphinx
jiter==0.10.0
    # via
    #   anthropic
    #   openai
jmespath==1.0.1
    # via
    #   boto3
    #   botocore
junitparser==3.2.0
    # via codeflash
keyring==25.6.0
    # via twine
libcst==1.8.0
    # via codeflash
license-expression==30.4.1
    # via cyclonedx-python-lib
line-profiler==4.2.0
    # via codeflash
logfire==3.16.1
    # via automagik-agents (pyproject.toml)
logfire-api==3.16.1
    # via
    #   pydantic-evals
    #   pydantic-graph
lsprotocol==2023.0.1
    # via pygls
lxml==5.4.0
    # via
    #   codeflash
    #   duckduckgo-search
    #   unittest-xml-reporting
markdown-it-py==3.0.0
    # via
    #   mdit-py-plugins
    #   myst-parser
    #   rich
markupsafe==3.0.2
    # via jinja2
mcp==1.9.1
    # via pydantic-ai-slim
mdit-py-plugins==0.4.2
    # via myst-parser
mdurl==0.1.2
    # via markdown-it-py
mistralai==1.8.0
    # via pydantic-ai-slim
more-itertools==10.7.0
    # via
    #   jaraco-classes
    #   jaraco-functools
msgpack==1.1.0
    # via cachecontrol
multidict==6.4.4
    # via
    #   aiohttp
    #   yarl
mypy==1.15.0
    # via automagik-agents (pyproject.toml)
mypy-extensions==1.1.0
    # via
    #   mypy
    #   typing-inspect
myst-parser==4.0.1
    # via automagik-agents (pyproject.toml)
neo4j==5.28.1
    # via graphiti-core
nh3==0.2.21
    # via readme-renderer
notion-client==2.3.0
    # via automagik-agents (pyproject.toml)
numpy==2.2.6
    # via graphiti-core
oauthlib==3.2.2
    # via requests-oauthlib
openai==1.82.0
    # via
    #   graphiti-core
    #   pydantic-ai-slim
opentelemetry-api==1.33.1
    # via
    #   fasta2a
    #   opentelemetry-exporter-otlp-proto-http
    #   opentelemetry-instrumentation
    #   opentelemetry-sdk
    #   opentelemetry-semantic-conventions
    #   pydantic-ai-slim
opentelemetry-exporter-otlp-proto-common==1.33.1
    # via opentelemetry-exporter-otlp-proto-http
opentelemetry-exporter-otlp-proto-http==1.33.1
    # via logfire
opentelemetry-instrumentation==0.54b1
    # via logfire
opentelemetry-proto==1.33.1
    # via
    #   opentelemetry-exporter-otlp-proto-common
    #   opentelemetry-exporter-otlp-proto-http
opentelemetry-sdk==1.33.1
    # via
    #   logfire
    #   opentelemetry-exporter-otlp-proto-http
opentelemetry-semantic-conventions==0.54b1
    # via
    #   opentelemetry-instrumentation
    #   opentelemetry-sdk
packageurl-python==0.16.0
    # via cyclonedx-python-lib
packaging==25.0
    # via
    #   build
    #   crosshair-tool
    #   deprecation
    #   huggingface-hub
    #   opentelemetry-instrumentation
    #   pip-audit
    #   pip-requirements-parser
    #   pytest
    #   sphinx
    #   twine
parameterized==0.9.0
    # via codeflash
parso==0.8.4
    # via jedi
pbr==6.1.1
    # via stevedore
pip==25.1.1
    # via
    #   automagik-agents (pyproject.toml)
    #   pip-api
pip-api==0.0.34
    # via pip-audit
pip-audit==2.9.0
    # via automagik-agents (pyproject.toml)
pip-requirements-parser==32.0.1
    # via pip-audit
platformdirs==4.3.8
    # via
    #   codeflash
    #   pip-audit
pluggy==1.6.0
    # via pytest
postgrest==1.0.2
    # via supabase
posthog==4.2.0
    # via codeflash
primp==0.15.0
    # via duckduckgo-search
prompt-toolkit==3.0.51
    # via pydantic-ai-slim
propcache==0.3.1
    # via
    #   aiohttp
    #   yarl
proto-plus==1.26.1
    # via google-api-core
protobuf==5.29.4
    # via
    #   google-api-core
    #   googleapis-common-protos
    #   logfire
    #   opentelemetry-proto
    #   proto-plus
psycopg2-binary==2.9.10
    # via automagik-agents (pyproject.toml)
py-serializable==2.0.0
    # via cyclonedx-python-lib
pyasn1==0.6.1
    # via
    #   pyasn1-modules
    #   rsa
pyasn1-modules==0.4.2
    # via google-auth
pycparser==2.22
    # via cffi
pydantic==2.11.5
    # via
    #   automagik-agents (pyproject.toml)
    #   anthropic
    #   codeflash
    #   cohere
    #   fasta2a
    #   fastapi
    #   google-genai
    #   gotrue
    #   graphiti-core
    #   groq
    #   mcp
    #   mistralai
    #   openai
    #   postgrest
    #   pydantic-ai-slim
    #   pydantic-evals
    #   pydantic-graph
    #   pydantic-settings
pydantic-ai==0.2.11
    # via automagik-agents (pyproject.toml)
pydantic-ai-graph==0.0.0
    # via automagik-agents (pyproject.toml)
pydantic-ai-slim==0.2.11
    # via
    #   automagik-agents (pyproject.toml)
    #   pydantic-ai
    #   pydantic-evals
pydantic-core==2.33.2
    # via
    #   cohere
    #   pydantic
pydantic-evals==0.2.11
    # via pydantic-ai-slim
pydantic-graph==0.2.11
    # via pydantic-ai-slim
pydantic-settings==2.9.1
    # via
    #   automagik-agents (pyproject.toml)
    #   mcp
pygls==1.3.1
    # via crosshair-tool
pygments==2.19.1
    # via
    #   readme-renderer
    #   rich
    #   sphinx
pyjwt==2.10.1
    # via gotrue
pyparsing==3.2.3
    # via
    #   httplib2
    #   pip-requirements-parser
pyproject-hooks==1.2.0
    # via build
pytest==8.3.5
    # via
    #   automagik-agents (pyproject.toml)
    #   codeflash
    #   pytest-asyncio
    #   pytest-cov
    #   pytest-html
    #   pytest-json-report
    #   pytest-metadata
    #   pytest-mock
    #   pytest-timeout
    #   pytest-xdist
pytest-asyncio==1.0.0
    # via automagik-agents (pyproject.toml)
pytest-cov==6.1.1
    # via automagik-agents (pyproject.toml)
pytest-html==4.1.1
    # via automagik-agents (pyproject.toml)
pytest-json-report==1.5.0
    # via automagik-agents (pyproject.toml)
pytest-metadata==3.1.1
    # via
    #   pytest-html
    #   pytest-json-report
pytest-mock==3.14.1
    # via gotrue
pytest-timeout==2.4.0
    # via codeflash
pytest-xdist==3.7.0
    # via automagik-agents (pyproject.toml)
python-dateutil==2.9.0.post0
    # via
    #   botocore
    #   mistralai
    #   posthog
    #   realtime
    #   storage3
python-dotenv==1.1.0
    # via
    #   automagik-agents (pyproject.toml)
    #   graphiti-core
    #   pydantic-settings
python-multipart==0.0.20
    # via mcp
pytz==2025.2
    # via
    #   automagik-agents (pyproject.toml)
    #   neo4j
pyyaml==6.0.2
    # via
    #   bandit
    #   huggingface-hub
    #   libcst
    #   myst-parser
    #   pydantic-evals
readchar==4.2.1
    # via inquirer
readme-renderer==44.0
    # via twine
realtime==2.4.3
    # via supabase
requests==2.32.3
    # via
    #   automagik-agents (pyproject.toml)
    #   cachecontrol
    #   cohere
    #   google-api-core
    #   google-genai
    #   huggingface-hub
    #   id
    #   opentelemetry-exporter-otlp-proto-http
    #   pip-audit
    #   posthog
    #   pydantic-ai-slim
    #   requests-oauthlib
    #   requests-toolbelt
    #   sphinx
    #   twine
requests-oauthlib==2.0.0
    # via google-auth-oauthlib
requests-toolbelt==1.0.0
    # via twine
rfc3986==2.0.0
    # via twine
rich==14.0.0
    # via
    #   automagik-agents (pyproject.toml)
    #   bandit
    #   codeflash
    #   logfire
    #   pip-audit
    #   pydantic-ai-slim
    #   pydantic-evals
    #   twine
    #   typer
roman-numerals-py==3.1.0
    # via sphinx
rsa==4.9.1
    # via google-auth
ruff==0.11.11
    # via automagik-agents (pyproject.toml)
runs==1.2.2
    # via editor
s3transfer==0.13.0
    # via boto3
secretstorage==3.3.3
    # via keyring
sentry-sdk==2.29.1
    # via codeflash
setuptools==80.9.0
    # via pbr
shellingham==1.5.4
    # via typer
six==1.17.0
    # via
    #   posthog
    #   python-dateutil
smmap==5.0.2
    # via gitdb
sniffio==1.3.1
    # via
    #   anthropic
    #   anyio
    #   groq
    #   openai
snowballstemmer==3.0.1
    # via sphinx
sortedcontainers==2.4.0
    # via cyclonedx-python-lib
sphinx==8.2.3
    # via
    #   automagik-agents (pyproject.toml)
    #   myst-parser
    #   sphinx-rtd-theme
    #   sphinxcontrib-jquery
sphinx-rtd-theme==3.0.2
    # via automagik-agents (pyproject.toml)
sphinxcontrib-applehelp==2.0.0
    # via sphinx
sphinxcontrib-devhelp==2.0.0
    # via sphinx
sphinxcontrib-htmlhelp==2.1.0
    # via sphinx
sphinxcontrib-jquery==4.1
    # via sphinx-rtd-theme
sphinxcontrib-jsmath==1.0.1
    # via sphinx
sphinxcontrib-qthelp==2.0.0
    # via sphinx
sphinxcontrib-serializinghtml==2.0.0
    # via sphinx
sse-starlette==2.3.5
    # via mcp
starlette==0.46.2
    # via
    #   fasta2a
    #   fastapi
    #   mcp
    #   sse-starlette
stevedore==5.4.1
    # via bandit
storage3==0.11.3
    # via supabase
strenum==0.4.15
    # via supafunc
supabase==2.15.2
    # via automagik-agents (pyproject.toml)
supafunc==0.9.4
    # via supabase
tenacity==9.1.2
    # via graphiti-core
timeout-decorator==0.5.0
    # via codeflash
tokenizers==0.21.1
    # via cohere
toml==0.10.2
    # via
    #   automagik-agents (pyproject.toml)
    #   pip-audit
tomlkit==0.13.2
    # via codeflash
tqdm==4.67.1
    # via
    #   huggingface-hub
    #   openai
twine==6.1.0
    # via automagik-agents (pyproject.toml)
typer==0.16.0
    # via automagik-agents (pyproject.toml)
types-requests==2.32.0.20250515
    # via cohere
typeshed-client==2.7.0
    # via crosshair-tool
typing-extensions==4.13.2
    # via
    #   anthropic
    #   anyio
    #   cohere
    #   crosshair-tool
    #   fastapi
    #   google-genai
    #   groq
    #   huggingface-hub
    #   logfire
    #   mypy
    #   openai
    #   opentelemetry-sdk
    #   pydantic
    #   pydantic-core
    #   realtime
    #   typer
    #   typeshed-client
    #   typing-inspect
    #   typing-inspection
typing-inspect==0.9.0
    # via crosshair-tool
typing-inspection==0.4.1
    # via
    #   mistralai
    #   pydantic
    #   pydantic-ai-slim
    #   pydantic-graph
    #   pydantic-settings
unidiff==0.7.5
    # via codeflash
unittest-xml-reporting==3.2.0
    # via codeflash
uritemplate==4.1.1
    # via google-api-python-client
urllib3==2.4.0
    # via
    #   botocore
    #   requests
    #   sentry-sdk
    #   twine
    #   types-requests
uv==0.7.8
    # via automagik-agents (pyproject.toml)
uvicorn==0.34.2
    # via
    #   automagik-agents (pyproject.toml)
    #   mcp
wcwidth==0.2.13
    # via
    #   blessed
    #   prompt-toolkit
websockets==14.2
    # via
    #   google-genai
    #   realtime
wrapt==1.17.2
    # via
    #   deprecated
    #   opentelemetry-instrumentation
xmod==1.8.1
    # via
    #   editor
    #   runs
yarl==1.20.0
    # via aiohttp
z3-solver==4.15.0.0
    # via crosshair-tool
zipp==3.22.0
    # via importlib-metadata
